{
    "_readme": [
        "This file locks the dependencies of your project to a known state",
        "Read more about it at https://getcomposer.org/doc/01-basic-usage.md#composer-lock-the-lock-file",
        "This file is @generated automatically"
    ],
    "hash": "ca28b3e6fef271d94d59dae3fd71dcf9",
    "content-hash": "56af7ca1128e3a1ffb5ce973770fb441",
    "packages": [
        {
            "name": "gambitph/WP-OTF-Regenerate-Thumbnails",
            "version": "dev-master",
            "source": {
                "type": "git",
                "url": "https://github.com/gambitph/WP-OTF-Regenerate-Thumbnails.git",
                "reference": "master"
            },
            "type": "library",
            "time": "2015-07-20 06:13:47"
        },
        {
            "name": "jansenfelipe/utils",
            "version": "v2.0.3",
            "source": {
                "type": "git",
                "url": "https://github.com/jansenfelipe/utils.git",
                "reference": "a1da80ab04e8d2889f73f26a69ebf567cebe407e"
            },
            "dist": {
                "type": "zip",
                "url": "https://api.github.com/repos/jansenfelipe/utils/zipball/a1da80ab04e8d2889f73f26a69ebf567cebe407e",
                "reference": "a1da80ab04e8d2889f73f26a69ebf567cebe407e",
                "shasum": ""
            },
            "require": {
                "php": ">=5.3.0"
            },
            "require-dev": {
                "phpunit/phpunit": "~4.0"
            },
            "type": "library",
            "extra": {
                "branch-alias": {
                    "dev-master": "2.0-dev"
                }
            },
            "autoload": {
                "psr-4": {
                    "JansenFelipe\\Utils\\": "src/"
                }
            },
            "notification-url": "https://packagist.org/downloads/",
            "license": [
                "MIT"
            ],
            "authors": [
                {
                    "name": "Jansen Felipe",
                    "email": "jansen.felipe@gmail.com"
                }
            ],
            "description": "Uma simples classe utilitária com métodos que podem salvar sua vida (ou não)",
            "keywords": [
                "php",
                "util"
            ],
            "time": "2016-05-04 18:01:12"
        },
        {
            "name": "jjgrainger/wp-custom-post-type-class",
            "version": "v1.4",
            "source": {
                "type": "git",
                "url": "https://github.com/jjgrainger/wp-custom-post-type-class.git",
                "reference": "f152d2c33a8ec0740e2fa2544168557e5fe1d5c7"
            },
            "dist": {
                "type": "zip",
                "url": "https://api.github.com/repos/jjgrainger/wp-custom-post-type-class/zipball/f152d2c33a8ec0740e2fa2544168557e5fe1d5c7",
                "reference": "f152d2c33a8ec0740e2fa2544168557e5fe1d5c7",
                "shasum": ""
            },
            "require": {
                "php": ">=5.3.0"
            },
            "type": "library",
            "autoload": {
                "psr-0": {
                    "CPT": "src/"
                }
            },
            "notification-url": "https://packagist.org/downloads/",
            "license": [
                "MIT"
            ],
            "authors": [
                {
                    "name": "Joe Grainger",
                    "email": "hello@joegrainger.co.uk",
                    "homepage": "http://jjgrainger.co.uk"
                }
            ],
            "description": "A single class to help you build more advanced custom post types quickly.",
            "homepage": "https://github.com/jjgrainger/wp-custom-post-type-class",
            "time": "2015-08-11 08:44:43"
        },
        {
            "name": "tormjens/wp-blade",
            "version": "2.0.2",
            "source": {
                "type": "git",
                "url": "https://github.com/tormjens/wp-blade.git",
                "reference": "88335a3d0ebeb3ea92eef2eff8bbdb3b5280045a"
            },
            "dist": {
                "type": "zip",
                "url": "https://api.github.com/repos/tormjens/wp-blade/zipball/88335a3d0ebeb3ea92eef2eff8bbdb3b5280045a",
                "reference": "88335a3d0ebeb3ea92eef2eff8bbdb3b5280045a",
                "shasum": ""
            },
            "require": {
                "php": ">=5.4.0",
                "xiaoler/blade": "^0.2.2"
            },
            "type": "library",
            "autoload": {
                "psr-4": {
                    "TorMorten\\View\\": "src/"
                }
            },
            "notification-url": "https://packagist.org/downloads/",
            "license": [
                "MIT"
            ],
            "authors": [
                {
                    "name": "Tor Morten Jensen",
                    "email": "tormorten@tormorten.no"
                }
            ],
            "description": "Use Blade templates in your WordPress theme",
            "time": "2016-08-08 07:09:39"
        },
        {
            "name": "xiaoler/blade",
            "version": "0.2.2",
            "source": {
                "type": "git",
                "url": "https://github.com/XiaoLer/blade.git",
                "reference": "c09532871e148124b1e801eec91f81249e503d8a"
            },
            "dist": {
                "type": "zip",
                "url": "https://api.github.com/repos/XiaoLer/blade/zipball/c09532871e148124b1e801eec91f81249e503d8a",
                "reference": "c09532871e148124b1e801eec91f81249e503d8a",
                "shasum": ""
            },
            "require": {
                "php": ">=5.4.0"
            },
            "type": "library",
            "autoload": {
                "files": [
                    "src/helpers.php"
                ],
                "psr-4": {
                    "Xiaoler\\Blade\\": "src/"
                }
            },
            "notification-url": "https://packagist.org/downloads/",
            "license": [
                "MIT"
            ],
            "authors": [
                {
                    "name": "Scholer Liu",
                    "email": "scholer_l@live.com"
                }
            ],
            "description": "an independent version of laravel view template - blade",
            "homepage": "http://0x1.im",
            "time": "2015-10-24 14:05:20"
        }
    ],
    "packages-dev": [],
    "aliases": [],
    "minimum-stability": "stable",
    "stability-flags": {
        "gambitph/wp-otf-regenerate-thumbnails": 20
    },
    "prefer-stable": false,
    "prefer-lowest": false,
    "platform": {
        "php": ">=5.4.0"
    },
    "platform-dev": []
}
